
Microsoft Visual Studio Solution File, Format Version 12.00
# Visual Studio Version 17
VisualStudioVersion = 17.4.33213.308
MinimumVisualStudioVersion = 10.0.40219.1
Project("{FAE04EC0-301F-11D3-BF4B-00C04F79EFBC}") = "Apps", "Apps\Apps.csproj", "{6DD46C59-ED87-48E7-BD78-245F61EF7B5E}"
EndProject
Project("{FAE04EC0-301F-11D3-BF4B-00C04F79EFBC}") = "DataStructures", "DataStructures\DataStructures.csproj", "{E6D0A925-83C4-4FD1-9EAD-B9933B7F5806}"
EndProject
Global
	GlobalSection(SolutionConfigurationPlatforms) = preSolution
		Debug|Any CPU = Debug|Any CPU
		Release|Any CPU = Release|Any CPU
	EndGlobalSection
	GlobalSection(ProjectConfigurationPlatforms) = postSolution
		{6DD46C59-ED87-48E7-BD78-245F61EF7B5E}.Debug|Any CPU.ActiveCfg = Debug|Any CPU
		{6DD46C59-ED87-48E7-BD78-245F61EF7B5E}.Debug|Any CPU.Build.0 = Debug|Any CPU
		{6DD46C59-ED87-48E7-BD78-245F61EF7B5E}.Release|Any CPU.ActiveCfg = Release|Any CPU
		{6DD46C59-ED87-48E7-BD78-245F61EF7B5E}.Release|Any CPU.Build.0 = Release|Any CPU
		{E6D0A925-83C4-4FD1-9EAD-B9933B7F5806}.Debug|Any CPU.ActiveCfg = Debug|Any CPU
		{E6D0A925-83C4-4FD1-9EAD-B9933B7F5806}.Debug|Any CPU.Build.0 = Debug|Any CPU
		{E6D0A925-83C4-4FD1-9EAD-B9933B7F5806}.Release|Any CPU.ActiveCfg = Release|Any CPU
		{E6D0A925-83C4-4FD1-9EAD-B9933B7F5806}.Release|Any CPU.Build.0 = Release|Any CPU
	EndGlobalSection
	GlobalSection(SolutionProperties) = preSolution
		HideSolutionNode = FALSE
	EndGlobalSection
	GlobalSection(ExtensibilityGlobals) = postSolution
		SolutionGuid = {7CA4A370-0999-49BB-AF43-62137376FDA7}
	EndGlobalSection
EndGlobal
